// !$*UTF8*$!
{
	archiveVersion = 1;
	classes = {
	};
	objectVersion = 46;
	objects = {

/* Begin PBXBuildFile section */
		D12805C01D0A052A00F1C929 /* Matrix.swift in Sources */ = {isa = PBXBuildFile; fileRef = D12805BE1D0A052A00F1C929 /* Matrix.swift */; };
		D12805C11D0A052A00F1C929 /* Vector3D.swift in Sources */ = {isa = PBXBuildFile; fileRef = D12805BF1D0A052A00F1C929 /* Vector3D.swift */; };
		D12805C91D1233B1002AF7EB /* RaytracerViewController.swift in Sources */ = {isa = PBXBuildFile; fileRef = D12805C81D1233B1002AF7EB /* RaytracerViewController.swift */; };
		D12DE5941D18F7DB00EBB8D1 /* 3DMathHelper.swift in Sources */ = {isa = PBXBuildFile; fileRef = D12DE5931D18F7DB00EBB8D1 /* 3DMathHelper.swift */; };
		D1AB43C51D0C80A8008C1A80 /* RenderView.swift in Sources */ = {isa = PBXBuildFile; fileRef = D1AB43C41D0C80A8008C1A80 /* RenderView.swift */; };
		D1C3E8BD1D1A5007005AE039 /* RaycasterViewController.swift in Sources */ = {isa = PBXBuildFile; fileRef = D1C3E8BC1D1A5007005AE039 /* RaycasterViewController.swift */; };
		D1CD46671D0846CD0066A83D /* AppDelegate.swift in Sources */ = {isa = PBXBuildFile; fileRef = D1CD46661D0846CD0066A83D /* AppDelegate.swift */; };
		D1CD466C1D0846CD0066A83D /* Main.storyboard in Resources */ = {isa = PBXBuildFile; fileRef = D1CD466A1D0846CD0066A83D /* Main.storyboard */; };
		D1CD466E1D0846CD0066A83D /* Assets.xcassets in Resources */ = {isa = PBXBuildFile; fileRef = D1CD466D1D0846CD0066A83D /* Assets.xcassets */; };
		D1CD46711D0846CD0066A83D /* LaunchScreen.storyboard in Resources */ = {isa = PBXBuildFile; fileRef = D1CD466F1D0846CD0066A83D /* LaunchScreen.storyboard */; };
		D1CD46951D0846F50066A83D /* RasterizationViewController.swift in Sources */ = {isa = PBXBuildFile; fileRef = D1CD46941D0846F50066A83D /* RasterizationViewController.swift */; };
		D1CD46991D0862A50066A83D /* teapot.obj in Resources */ = {isa = PBXBuildFile; fileRef = D1CD46981D0862A50066A83D /* teapot.obj */; };
		D1E484A91D20D2CD003047C5 /* Vector2D.swift in Sources */ = {isa = PBXBuildFile; fileRef = D1E484A81D20D2CD003047C5 /* Vector2D.swift */; };
		D1EE203A1D1CDD6400414FC0 /* greystone.png in Resources */ = {isa = PBXBuildFile; fileRef = D1EE20391D1CDD6400414FC0 /* greystone.png */; };
		D1EE203C1D1CDD6F00414FC0 /* redbrick.png in Resources */ = {isa = PBXBuildFile; fileRef = D1EE203B1D1CDD6F00414FC0 /* redbrick.png */; };
/* End PBXBuildFile section */

/* Begin PBXContainerItemProxy section */
		D1CD46781D0846CD0066A83D /* PBXContainerItemProxy */ = {
			isa = PBXContainerItemProxy;
			containerPortal = D1CD465B1D0846CD0066A83D /* Project object */;
			proxyType = 1;
			remoteGlobalIDString = D1CD46621D0846CD0066A83D;
			remoteInfo = RenderingTechniques;
		};
		D1CD46831D0846CD0066A83D /* PBXContainerItemProxy */ = {
			isa = PBXContainerItemProxy;
			containerPortal = D1CD465B1D0846CD0066A83D /* Project object */;
			proxyType = 1;
			remoteGlobalIDString = D1CD46621D0846CD0066A83D;
			remoteInfo = RenderingTechniques;
		};
/* End PBXContainerItemProxy section */

/* Begin PBXFileReference section */
		D12805BE1D0A052A00F1C929 /* Matrix.swift */ = {isa = PBXFileReference; fileEncoding = 4; lastKnownFileType = sourcecode.swift; path = Matrix.swift; sourceTree = "<group>"; };
		D12805BF1D0A052A00F1C929 /* Vector3D.swift */ = {isa = PBXFileReference; fileEncoding = 4; lastKnownFileType = sourcecode.swift; path = Vector3D.swift; sourceTree = "<group>"; };
		D12805C81D1233B1002AF7EB /* RaytracerViewController.swift */ = {isa = PBXFileReference; fileEncoding = 4; lastKnownFileType = sourcecode.swift; path = RaytracerViewController.swift; sourceTree = "<group>"; };
		D12DE5931D18F7DB00EBB8D1 /* 3DMathHelper.swift */ = {isa = PBXFileReference; fileEncoding = 4; lastKnownFileType = sourcecode.swift; path = 3DMathHelper.swift; sourceTree = "<group>"; };
		D1AB43C41D0C80A8008C1A80 /* RenderView.swift */ = {isa = PBXFileReference; fileEncoding = 4; lastKnownFileType = sourcecode.swift; path = RenderView.swift; sourceTree = "<group>"; };
		D1C3E8BC1D1A5007005AE039 /* RaycasterViewController.swift */ = {isa = PBXFileReference; fileEncoding = 4; lastKnownFileType = sourcecode.swift; path = RaycasterViewController.swift; sourceTree = "<group>"; };
		D1CD46631D0846CD0066A83D /* RenderingTechniques.app */ = {isa = PBXFileReference; explicitFileType = wrapper.application; includeInIndex = 0; path = RenderingTechniques.app; sourceTree = BUILT_PRODUCTS_DIR; };
		D1CD46661D0846CD0066A83D /* AppDelegate.swift */ = {isa = PBXFileReference; lastKnownFileType = sourcecode.swift; path = AppDelegate.swift; sourceTree = "<group>"; };
		D1CD466B1D0846CD0066A83D /* Base */ = {isa = PBXFileReference; lastKnownFileType = file.storyboard; name = Base; path = Base.lproj/Main.storyboard; sourceTree = "<group>"; };
		D1CD466D1D0846CD0066A83D /* Assets.xcassets */ = {isa = PBXFileReference; lastKnownFileType = folder.assetcatalog; path = Assets.xcassets; sourceTree = "<group>"; };
		D1CD46701D0846CD0066A83D /* Base */ = {isa = PBXFileReference; lastKnownFileType = file.storyboard; name = Base; path = Base.lproj/LaunchScreen.storyboard; sourceTree = "<group>"; };
		D1CD46721D0846CD0066A83D /* Info.plist */ = {isa = PBXFileReference; lastKnownFileType = text.plist.xml; path = Info.plist; sourceTree = "<group>"; };
		D1CD46771D0846CD0066A83D /* RenderingTechniquesTests.xctest */ = {isa = PBXFileReference; explicitFileType = wrapper.cfbundle; includeInIndex = 0; path = RenderingTechniquesTests.xctest; sourceTree = BUILT_PRODUCTS_DIR; };
		D1CD46821D0846CD0066A83D /* RenderingTechniquesUITests.xctest */ = {isa = PBXFileReference; explicitFileType = wrapper.cfbundle; includeInIndex = 0; path = RenderingTechniquesUITests.xctest; sourceTree = BUILT_PRODUCTS_DIR; };
		D1CD46941D0846F50066A83D /* RasterizationViewController.swift */ = {isa = PBXFileReference; fileEncoding = 4; lastKnownFileType = sourcecode.swift; path = RasterizationViewController.swift; sourceTree = "<group>"; };
		D1CD46981D0862A50066A83D /* teapot.obj */ = {isa = PBXFileReference; fileEncoding = 4; lastKnownFileType = text; path = teapot.obj; sourceTree = "<group>"; };
		D1E484A81D20D2CD003047C5 /* Vector2D.swift */ = {isa = PBXFileReference; fileEncoding = 4; lastKnownFileType = sourcecode.swift; path = Vector2D.swift; sourceTree = "<group>"; };
		D1EE20391D1CDD6400414FC0 /* greystone.png */ = {isa = PBXFileReference; lastKnownFileType = image.png; path = greystone.png; sourceTree = "<group>"; };
		D1EE203B1D1CDD6F00414FC0 /* redbrick.png */ = {isa = PBXFileReference; lastKnownFileType = image.png; path = redbrick.png; sourceTree = "<group>"; };
/* End PBXFileReference section */

/* Begin PBXFrameworksBuildPhase section */
		D1CD46601D0846CD0066A83D /* Frameworks */ = {
			isa = PBXFrameworksBuildPhase;
			buildActionMask = 2147483647;
			files = (
			);
			runOnlyForDeploymentPostprocessing = 0;
		};
		D1CD46741D0846CD0066A83D /* Frameworks */ = {
			isa = PBXFrameworksBuildPhase;
			buildActionMask = 2147483647;
			files = (
			);
			runOnlyForDeploymentPostprocessing = 0;
		};
		D1CD467F1D0846CD0066A83D /* Frameworks */ = {
			isa = PBXFrameworksBuildPhase;
			buildActionMask = 2147483647;
			files = (
			);
			runOnlyForDeploymentPostprocessing = 0;
		};
/* End PBXFrameworksBuildPhase section */

/* Begin PBXGroup section */
		D1C3E8BE1D1A74A3005AE039 /* 3DMath */ = {
			isa = PBXGroup;
			children = (
				D12805BE1D0A052A00F1C929 /* Matrix.swift */,
				D12805BF1D0A052A00F1C929 /* Vector3D.swift */,
				D1E484A81D20D2CD003047C5 /* Vector2D.swift */,
				D12DE5931D18F7DB00EBB8D1 /* 3DMathHelper.swift */,
			);
			name = 3DMath;
			sourceTree = "<group>";
		};
		D1C3E8BF1D1A74B8005AE039 /* ViewControllers */ = {
			isa = PBXGroup;
			children = (
				D1CD46941D0846F50066A83D /* RasterizationViewController.swift */,
				D12805C81D1233B1002AF7EB /* RaytracerViewController.swift */,
				D1C3E8BC1D1A5007005AE039 /* RaycasterViewController.swift */,
			);
			name = ViewControllers;
			sourceTree = "<group>";
		};
		D1C3E8C01D1A74C6005AE039 /* Views */ = {
			isa = PBXGroup;
			children = (
				D1AB43C41D0C80A8008C1A80 /* RenderView.swift */,
			);
			name = Views;
			sourceTree = "<group>";
		};
		D1C3E8C11D1A74D4005AE039 /* Assets */ = {
			isa = PBXGroup;
			children = (
				D1EE203B1D1CDD6F00414FC0 /* redbrick.png */,
				D1EE20391D1CDD6400414FC0 /* greystone.png */,
				D1CD466A1D0846CD0066A83D /* Main.storyboard */,
				D1CD466D1D0846CD0066A83D /* Assets.xcassets */,
				D1CD466F1D0846CD0066A83D /* LaunchScreen.storyboard */,
				D1CD46981D0862A50066A83D /* teapot.obj */,
			);
			name = Assets;
			sourceTree = "<group>";
		};
		D1CD465A1D0846CC0066A83D = {
			isa = PBXGroup;
			children = (
				D1CD46651D0846CD0066A83D /* RenderingTechniques */,
				D1CD46641D0846CD0066A83D /* Products */,
			);
			sourceTree = "<group>";
		};
		D1CD46641D0846CD0066A83D /* Products */ = {
			isa = PBXGroup;
			children = (
				D1CD46631D0846CD0066A83D /* RenderingTechniques.app */,
				D1CD46771D0846CD0066A83D /* RenderingTechniquesTests.xctest */,
				D1CD46821D0846CD0066A83D /* RenderingTechniquesUITests.xctest */,
			);
			name = Products;
			sourceTree = "<group>";
		};
		D1CD46651D0846CD0066A83D /* RenderingTechniques */ = {
			isa = PBXGroup;
			children = (
				D1C3E8C11D1A74D4005AE039 /* Assets */,
				D1C3E8C01D1A74C6005AE039 /* Views */,
				D1C3E8BF1D1A74B8005AE039 /* ViewControllers */,
				D1C3E8BE1D1A74A3005AE039 /* 3DMath */,
				D1CD46661D0846CD0066A83D /* AppDelegate.swift */,
				D1CD46721D0846CD0066A83D /* Info.plist */,
			);
			path = RenderingTechniques;
			sourceTree = "<group>";
		};
/* End PBXGroup section */

/* Begin PBXNativeTarget section */
		D1CD46621D0846CD0066A83D /* RenderingTechniques */ = {
			isa = PBXNativeTarget;
			buildConfigurationList = D1CD468B1D0846CD0066A83D /* Build configuration list for PBXNativeTarget "RenderingTechniques" */;
			buildPhases = (
				10836D1922C5645100B24D64 /* ShellScript */,
				D1CD465F1D0846CD0066A83D /* Sources */,
				D1CD46601D0846CD0066A83D /* Frameworks */,
				D1CD46611D0846CD0066A83D /* Resources */,
			);
			buildRules = (
			);
			dependencies = (
			);
			name = RenderingTechniques;
			productName = RenderingTechniques;
			productReference = D1CD46631D0846CD0066A83D /* RenderingTechniques.app */;
			productType = "com.apple.product-type.application";
		};
		D1CD46761D0846CD0066A83D /* RenderingTechniquesTests */ = {
			isa = PBXNativeTarget;
			buildConfigurationList = D1CD468E1D0846CD0066A83D /* Build configuration list for PBXNativeTarget "RenderingTechniquesTests" */;
			buildPhases = (
				D1CD46731D0846CD0066A83D /* Sources */,
				D1CD46741D0846CD0066A83D /* Frameworks */,
				D1CD46751D0846CD0066A83D /* Resources */,
			);
			buildRules = (
			);
			dependencies = (
				D1CD46791D0846CD0066A83D /* PBXTargetDependency */,
			);
			name = RenderingTechniquesTests;
			productName = RenderingTechniquesTests;
			productReference = D1CD46771D0846CD0066A83D /* RenderingTechniquesTests.xctest */;
			productType = "com.apple.product-type.bundle.unit-test";
		};
		D1CD46811D0846CD0066A83D /* RenderingTechniquesUITests */ = {
			isa = PBXNativeTarget;
			buildConfigurationList = D1CD46911D0846CD0066A83D /* Build configuration list for PBXNativeTarget "RenderingTechniquesUITests" */;
			buildPhases = (
				D1CD467E1D0846CD0066A83D /* Sources */,
				D1CD467F1D0846CD0066A83D /* Frameworks */,
				D1CD46801D0846CD0066A83D /* Resources */,
			);
			buildRules = (
			);
			dependencies = (
				D1CD46841D0846CD0066A83D /* PBXTargetDependency */,
			);
			name = RenderingTechniquesUITests;
			productName = RenderingTechniquesUITests;
			productReference = D1CD46821D0846CD0066A83D /* RenderingTechniquesUITests.xctest */;
			productType = "com.apple.product-type.bundle.ui-testing";
		};
/* End PBXNativeTarget section */

/* Begin PBXProject section */
		D1CD465B1D0846CD0066A83D /* Project object */ = {
			isa = PBXProject;
			attributes = {
				LastSwiftUpdateCheck = 0730;
				LastUpgradeCheck = 1020;
				ORGANIZATIONNAME = "Drew Ingebretsen";
				TargetAttributes = {
					D1CD46621D0846CD0066A83D = {
						CreatedOnToolsVersion = 7.3.1;
					};
					D1CD46761D0846CD0066A83D = {
						CreatedOnToolsVersion = 7.3.1;
						TestTargetID = D1CD46621D0846CD0066A83D;
					};
					D1CD46811D0846CD0066A83D = {
						CreatedOnToolsVersion = 7.3.1;
						TestTargetID = D1CD46621D0846CD0066A83D;
					};
				};
			};
			buildConfigurationList = D1CD465E1D0846CD0066A83D /* Build configuration list for PBXProject "RenderingTechniques" */;
			compatibilityVersion = "Xcode 3.2";
			developmentRegion = en;
			hasScannedForEncodings = 0;
			knownRegions = (
				en,
				Base,
			);
			mainGroup = D1CD465A1D0846CC0066A83D;
			productRefGroup = D1CD46641D0846CD0066A83D /* Products */;
			projectDirPath = "";
			projectRoot = "";
			targets = (
				D1CD46621D0846CD0066A83D /* RenderingTechniques */,
				D1CD46761D0846CD0066A83D /* RenderingTechniquesTests */,
				D1CD46811D0846CD0066A83D /* RenderingTechniquesUITests */,
			);
		};
/* End PBXProject section */

/* Begin PBXResourcesBuildPhase section */
		D1CD46611D0846CD0066A83D /* Resources */ = {
			isa = PBXResourcesBuildPhase;
			buildActionMask = 2147483647;
			files = (
				D1CD46991D0862A50066A83D /* teapot.obj in Resources */,
				D1CD46711D0846CD0066A83D /* LaunchScreen.storyboard in Resources */,
				D1CD466E1D0846CD0066A83D /* Assets.xcassets in Resources */,
				D1EE203C1D1CDD6F00414FC0 /* redbrick.png in Resources */,
				D1CD466C1D0846CD0066A83D /* Main.storyboard in Resources */,
				D1EE203A1D1CDD6400414FC0 /* greystone.png in Resources */,
			);
			runOnlyForDeploymentPostprocessing = 0;
		};
		D1CD46751D0846CD0066A83D /* Resources */ = {
			isa = PBXResourcesBuildPhase;
			buildActionMask = 2147483647;
			files = (
			);
			runOnlyForDeploymentPostprocessing = 0;
		};
		D1CD46801D0846CD0066A83D /* Resources */ = {
			isa = PBXResourcesBuildPhase;
			buildActionMask = 2147483647;
			files = (
			);
			runOnlyForDeploymentPostprocessing = 0;
		};
/* End PBXResourcesBuildPhase section */

/* Begin PBXShellScriptBuildPhase section */
		10836D1922C5645100B24D64 /* ShellScript */ = {
			isa = PBXShellScriptBuildPhase;
			buildActionMask = 2147483647;
			files = (
			);
			inputFileListPaths = (
			);
			inputPaths = (
			);
			outputFileListPaths = (
			);
			outputPaths = (
			);
			runOnlyForDeploymentPostprocessing = 0;
			shellPath = /bin/sh;
			shellScript = "if which swiftlint >/dev/null; then\n    swiftlint\nelse\n    echo \"warning: SwiftLint not installed, download from https://github.com/realm/SwiftLint\"\nfi\n";
		};
/* End PBXShellScriptBuildPhase section */

/* Begin PBXSourcesBuildPhase section */
		D1CD465F1D0846CD0066A83D /* Sources */ = {
			isa = PBXSourcesBuildPhase;
			buildActionMask = 2147483647;
			files = (
				D12805C01D0A052A00F1C929 /* Matrix.swift in Sources */,
				D1E484A91D20D2CD003047C5 /* Vector2D.swift in Sources */,
				D1AB43C51D0C80A8008C1A80 /* RenderView.swift in Sources */,
				D12DE5941D18F7DB00EBB8D1 /* 3DMathHelper.swift in Sources */,
				D1CD46951D0846F50066A83D /* RasterizationViewController.swift in Sources */,
				D12805C11D0A052A00F1C929 /* Vector3D.swift in Sources */,
				D1C3E8BD1D1A5007005AE039 /* RaycasterViewController.swift in Sources */,
				D12805C91D1233B1002AF7EB /* RaytracerViewController.swift in Sources */,
				D1CD46671D0846CD0066A83D /* AppDelegate.swift in Sources */,
			);
			runOnlyForDeploymentPostprocessing = 0;
		};
		D1CD46731D0846CD0066A83D /* Sources */ = {
			isa = PBXSourcesBuildPhase;
			buildActionMask = 2147483647;
			files = (
			);
			runOnlyForDeploymentPostprocessing = 0;
		};
		D1CD467E1D0846CD0066A83D /* Sources */ = {
			isa = PBXSourcesBuildPhase;
			buildActionMask = 2147483647;
			files = (
			);
			runOnlyForDeploymentPostprocessing = 0;
		};
/* End PBXSourcesBuildPhase section */

/* Begin PBXTargetDependency section */
		D1CD46791D0846CD0066A83D /* PBXTargetDependency */ = {
			isa = PBXTargetDependency;
			target = D1CD46621D0846CD0066A83D /* RenderingTechniques */;
			targetProxy = D1CD46781D0846CD0066A83D /* PBXContainerItemProxy */;
		};
		D1CD46841D0846CD0066A83D /* PBXTargetDependency */ = {
			isa = PBXTargetDependency;
			target = D1CD46621D0846CD0066A83D /* RenderingTechniques */;
			targetProxy = D1CD46831D0846CD0066A83D /* PBXContainerItemProxy */;
		};
/* End PBXTargetDependency section */

/* Begin PBXVariantGroup section */
		D1CD466A1D0846CD0066A83D /* Main.storyboard */ = {
			isa = PBXVariantGroup;
			children = (
				D1CD466B1D0846CD0066A83D /* Base */,
			);
			name = Main.storyboard;
			sourceTree = "<group>";
		};
		D1CD466F1D0846CD0066A83D /* LaunchScreen.storyboard */ = {
			isa = PBXVariantGroup;
			children = (
				D1CD46701D0846CD0066A83D /* Base */,
			);
			name = LaunchScreen.storyboard;
			sourceTree = "<group>";
		};
/* End PBXVariantGroup section */

/* Begin XCBuildConfiguration section */
		D1CD46891D0846CD0066A83D /* Debug */ = {
			isa = XCBuildConfiguration;
			buildSettings = {
				ALWAYS_SEARCH_USER_PATHS = NO;
				CLANG_ANALYZER_LOCALIZABILITY_NONLOCALIZED = YES;
				CLANG_ANALYZER_NONNULL = YES;
				CLANG_CXX_LANGUAGE_STANDARD = "gnu++0x";
				CLANG_CXX_LIBRARY = "libc++";
				CLANG_ENABLE_MODULES = YES;
				CLANG_ENABLE_OBJC_ARC = YES;
				CLANG_WARN_BLOCK_CAPTURE_AUTORELEASING = YES;
				CLANG_WARN_BOOL_CONVERSION = YES;
				CLANG_WARN_COMMA = YES;
				CLANG_WARN_CONSTANT_CONVERSION = YES;
				CLANG_WARN_DEPRECATED_OBJC_IMPLEMENTATIONS = YES;
				CLANG_WARN_DIRECT_OBJC_ISA_USAGE = YES_ERROR;
				CLANG_WARN_EMPTY_BODY = YES;
				CLANG_WARN_ENUM_CONVERSION = YES;
				CLANG_WARN_INFINITE_RECURSION = YES;
				CLANG_WARN_INT_CONVERSION = YES;
				CLANG_WARN_NON_LITERAL_NULL_CONVERSION = YES;
				CLANG_WARN_OBJC_IMPLICIT_RETAIN_SELF = YES;
				CLANG_WARN_OBJC_LITERAL_CONVERSION = YES;
				CLANG_WARN_OBJC_ROOT_CLASS = YES_ERROR;
				CLANG_WARN_RANGE_LOOP_ANALYSIS = YES;
				CLANG_WARN_STRICT_PROTOTYPES = YES;
				CLANG_WARN_SUSPICIOUS_MOVE = YES;
				CLANG_WARN_UNREACHABLE_CODE = YES;
				CLANG_WARN__DUPLICATE_METHOD_MATCH = YES;
				"CODE_SIGN_IDENTITY[sdk=iphoneos*]" = "iPhone Developer";
				COPY_PHASE_STRIP = NO;
				DEBUG_INFORMATION_FORMAT = dwarf;
				ENABLE_STRICT_OBJC_MSGSEND = YES;
				ENABLE_TESTABILITY = YES;
				GCC_C_LANGUAGE_STANDARD = gnu99;
				GCC_DYNAMIC_NO_PIC = NO;
				GCC_NO_COMMON_BLOCKS = YES;
				GCC_OPTIMIZATION_LEVEL = 0;
				GCC_PREPROCESSOR_DEFINITIONS = (
					"DEBUG=1",
					"$(inherited)",
				);
				GCC_WARN_64_TO_32_BIT_CONVERSION = YES;
				GCC_WARN_ABOUT_RETURN_TYPE = YES_ERROR;
				GCC_WARN_UNDECLARED_SELECTOR = YES;
				GCC_WARN_UNINITIALIZED_AUTOS = YES_AGGRESSIVE;
				GCC_WARN_UNUSED_FUNCTION = YES;
				GCC_WARN_UNUSED_VARIABLE = YES;
				IPHONEOS_DEPLOYMENT_TARGET = 9.3;
				MTL_ENABLE_DEBUG_INFO = YES;
				ONLY_ACTIVE_ARCH = YES;
				SDKROOT = iphoneos;
				SWIFT_OPTIMIZATION_LEVEL = "-Onone";
				TARGETED_DEVICE_FAMILY = "1,2";
			};
			name = Debug;
		};
		D1CD468A1D0846CD0066A83D /* Release */ = {
			isa = XCBuildConfiguration;
			buildSettings = {
				ALWAYS_SEARCH_USER_PATHS = NO;
				CLANG_ANALYZER_LOCALIZABILITY_NONLOCALIZED = YES;
				CLANG_ANALYZER_NONNULL = YES;
				CLANG_CXX_LANGUAGE_STANDARD = "gnu++0x";
				CLANG_CXX_LIBRARY = "libc++";
				CLANG_ENABLE_MODULES = YES;
				CLANG_ENABLE_OBJC_ARC = YES;
				CLANG_WARN_BLOCK_CAPTURE_AUTORELEASING = YES;
				CLANG_WARN_BOOL_CONVERSION = YES;
				CLANG_WARN_COMMA = YES;
				CLANG_WARN_CONSTANT_CONVERSION = YES;
				CLANG_WARN_DEPRECATED_OBJC_IMPLEMENTATIONS = YES;
				CLANG_WARN_DIRECT_OBJC_ISA_USAGE = YES_ERROR;
				CLANG_WARN_EMPTY_BODY = YES;
				CLANG_WARN_ENUM_CONVERSION = YES;
				CLANG_WARN_INFINITE_RECURSION = YES;
				CLANG_WARN_INT_CONVERSION = YES;
				CLANG_WARN_NON_LITERAL_NULL_CONVERSION = YES;
				CLANG_WARN_OBJC_IMPLICIT_RETAIN_SELF = YES;
				CLANG_WARN_OBJC_LITERAL_CONVERSION = YES;
				CLANG_WARN_OBJC_ROOT_CLASS = YES_ERROR;
				CLANG_WARN_RANGE_LOOP_ANALYSIS = YES;
				CLANG_WARN_STRICT_PROTOTYPES = YES;
				CLANG_WARN_SUSPICIOUS_MOVE = YES;
				CLANG_WARN_UNREACHABLE_CODE = YES;
				CLANG_WARN__DUPLICATE_METHOD_MATCH = YES;
				"CODE_SIGN_IDENTITY[sdk=iphoneos*]" = "iPhone Developer";
				COPY_PHASE_STRIP = NO;
				DEBUG_INFORMATION_FORMAT = "dwarf-with-dsym";
				ENABLE_NS_ASSERTIONS = NO;
				ENABLE_STRICT_OBJC_MSGSEND = YES;
				GCC_C_LANGUAGE_STANDARD = gnu99;
				GCC_NO_COMMON_BLOCKS = YES;
				GCC_WARN_64_TO_32_BIT_CONVERSION = YES;
				GCC_WARN_ABOUT_RETURN_TYPE = YES_ERROR;
				GCC_WARN_UNDECLARED_SELECTOR = YES;
				GCC_WARN_UNINITIALIZED_AUTOS = YES_AGGRESSIVE;
				GCC_WARN_UNUSED_FUNCTION = YES;
				GCC_WARN_UNUSED_VARIABLE = YES;
				IPHONEOS_DEPLOYMENT_TARGET = 9.3;
				MTL_ENABLE_DEBUG_INFO = NO;
				SDKROOT = iphoneos;
				SWIFT_COMPILATION_MODE = wholemodule;
				TARGETED_DEVICE_FAMILY = "1,2";
				VALIDATE_PRODUCT = YES;
			};
			name = Release;
		};
		D1CD468C1D0846CD0066A83D /* Debug */ = {
			isa = XCBuildConfiguration;
			buildSettings = {
				ASSETCATALOG_COMPILER_APPICON_NAME = AppIcon;
				INFOPLIST_FILE = RenderingTechniques/Info.plist;
				LD_RUNPATH_SEARCH_PATHS = "$(inherited) @executable_path/Frameworks";
				PRODUCT_BUNDLE_IDENTIFIER = com.thinkpeopletech.RenderingTechniques;
				PRODUCT_NAME = "$(TARGET_NAME)";
				SWIFT_VERSION = 5.0;
			};
			name = Debug;
		};
		D1CD468D1D0846CD0066A83D /* Release */ = {
			isa = XCBuildConfiguration;
			buildSettings = {
				ASSETCATALOG_COMPILER_APPICON_NAME = AppIcon;
				INFOPLIST_FILE = RenderingTechniques/Info.plist;
				LD_RUNPATH_SEARCH_PATHS = "$(inherited) @executable_path/Frameworks";
				PRODUCT_BUNDLE_IDENTIFIER = com.thinkpeopletech.RenderingTechniques;
				PRODUCT_NAME = "$(TARGET_NAME)";
				SWIFT_VERSION = 5.0;
			};
			name = Release;
		};
		D1CD468F1D0846CD0066A83D /* Debug */ = {
			isa = XCBuildConfiguration;
			buildSettings = {
				BUNDLE_LOADER = "$(TEST_HOST)";
				INFOPLIST_FILE = RenderingTechniquesTests/Info.plist;
				LD_RUNPATH_SEARCH_PATHS = "$(inherited) @executable_path/Frameworks @loader_path/Frameworks";
				PRODUCT_BUNDLE_IDENTIFIER = com.thinkpeopletech.RenderingTechniquesTests;
				PRODUCT_NAME = "$(TARGET_NAME)";
				TEST_HOST = "$(BUILT_PRODUCTS_DIR)/RenderingTechniques.app/RenderingTechniques";
			};
			name = Debug;
		};
		D1CD46901D0846CD0066A83D /* Release */ = {
			isa = XCBuildConfiguration;
			buildSettings = {
				BUNDLE_LOADER = "$(TEST_HOST)";
				INFOPLIST_FILE = RenderingTechniquesTests/Info.plist;
				LD_RUNPATH_SEARCH_PATHS = "$(inherited) @executable_path/Frameworks @loader_path/Frameworks";
				PRODUCT_BUNDLE_IDENTIFIER = com.thinkpeopletech.RenderingTechniquesTests;
				PRODUCT_NAME = "$(TARGET_NAME)";
				TEST_HOST = "$(BUILT_PRODUCTS_DIR)/RenderingTechniques.app/RenderingTechniques";
			};
			name = Release;
		};
		D1CD46921D0846CD0066A83D /* Debug */ = {
			isa = XCBuildConfiguration;
			buildSettings = {
				INFOPLIST_FILE = RenderingTechniquesUITests/Info.plist;
				LD_RUNPATH_SEARCH_PATHS = "$(inherited) @executable_path/Frameworks @loader_path/Frameworks";
				PRODUCT_BUNDLE_IDENTIFIER = com.thinkpeopletech.RenderingTechniquesUITests;
				PRODUCT_NAME = "$(TARGET_NAME)";
				TEST_TARGET_NAME = RenderingTechniques;
			};
			name = Debug;
		};
		D1CD46931D0846CD0066A83D /* Release */ = {
			isa = XCBuildConfiguration;
			buildSettings = {
				INFOPLIST_FILE = RenderingTechniquesUITests/Info.plist;
				LD_RUNPATH_SEARCH_PATHS = "$(inherited) @executable_path/Frameworks @loader_path/Frameworks";
				PRODUCT_BUNDLE_IDENTIFIER = com.thinkpeopletech.RenderingTechniquesUITests;
				PRODUCT_NAME = "$(TARGET_NAME)";
				TEST_TARGET_NAME = RenderingTechniques;
			};
			name = Release;
		};
/* End XCBuildConfiguration section */

/* Begin XCConfigurationList section */
		D1CD465E1D0846CD0066A83D /* Build configuration list for PBXProject "RenderingTechniques" */ = {
			isa = XCConfigurationList;
			buildConfigurations = (
				D1CD46891D0846CD0066A83D /* Debug */,
				D1CD468A1D0846CD0066A83D /* Release */,
			);
			defaultConfigurationIsVisible = 0;
			defaultConfigurationName = Release;
		};
		D1CD468B1D0846CD0066A83D /* Build configuration list for PBXNativeTarget "RenderingTechniques" */ = {
			isa = XCConfigurationList;
			buildConfigurations = (
				D1CD468C1D0846CD0066A83D /* Debug */,
				D1CD468D1D0846CD0066A83D /* Release */,
			);
			defaultConfigurationIsVisible = 0;
			defaultConfigurationName = Release;
		};
		D1CD468E1D0846CD0066A83D /* Build configuration list for PBXNativeTarget "RenderingTechniquesTests" */ = {
			isa = XCConfigurationList;
			buildConfigurations = (
				D1CD468F1D0846CD0066A83D /* Debug */,
				D1CD46901D0846CD0066A83D /* Release */,
			);
			defaultConfigurationIsVisible = 0;
			defaultConfigurationName = Release;
		};
		D1CD46911D0846CD0066A83D /* Build configuration list for PBXNativeTarget "RenderingTechniquesUITests" */ = {
			isa = XCConfigurationList;
			buildConfigurations = (
				D1CD46921D0846CD0066A83D /* Debug */,
				D1CD46931D0846CD0066A83D /* Release */,
			);
			defaultConfigurationIsVisible = 0;
			defaultConfigurationName = Release;
		};
/* End XCConfigurationList section */
	};
	rootObject = D1CD465B1D0846CD0066A83D /* Project object */;
}
